
Microsoft Visual Studio Solution File, Format Version 12.00
# Visual Studio Version 17
VisualStudioVersion = 17.5.2.0
MinimumVisualStudioVersion = 10.0.40219.1
Project("{2150E333-8FDC-42A3-9474-1A3956D46DE8}") = "LearnManagerAPI", "LearnManagerAPI", "{24BECA77-6D12-4F80-9620-892E84C0D129}"
EndProject
Project("{FAE04EC0-301F-11D3-BF4B-00C04F79EFBC}") = "backend", "LearnManagerAPI\backend.csproj", "{61A7E599-229A-498F-969B-10A37AD367D6}"
EndProject
Global
	GlobalSection(SolutionConfigurationPlatforms) = preSolution
		Debug|Any CPU = Debug|Any CPU
		Debug|x64 = Debug|x64
		Debug|x86 = Debug|x86
		Release|Any CPU = Release|Any CPU
		Release|x64 = Release|x64
		Release|x86 = Release|x86
	EndGlobalSection
	GlobalSection(ProjectConfigurationPlatforms) = postSolution
		{61A7E599-229A-498F-969B-10A37AD367D6}.Debug|Any CPU.ActiveCfg = Debug|Any CPU
		{61A7E599-229A-498F-969B-10A37AD367D6}.Debug|Any CPU.Build.0 = Debug|Any CPU
		{61A7E599-229A-498F-969B-10A37AD367D6}.Debug|x64.ActiveCfg = Debug|Any CPU
		{61A7E599-229A-498F-969B-10A37AD367D6}.Debug|x64.Build.0 = Debug|Any CPU
		{61A7E599-229A-498F-969B-10A37AD367D6}.Debug|x86.ActiveCfg = Debug|Any CPU
		{61A7E599-229A-498F-969B-10A37AD367D6}.Debug|x86.Build.0 = Debug|Any CPU
		{61A7E599-229A-498F-969B-10A37AD367D6}.Release|Any CPU.ActiveCfg = Release|Any CPU
		{61A7E599-229A-498F-969B-10A37AD367D6}.Release|Any CPU.Build.0 = Release|Any CPU
		{61A7E599-229A-498F-969B-10A37AD367D6}.Release|x64.ActiveCfg = Release|Any CPU
		{61A7E599-229A-498F-969B-10A37AD367D6}.Release|x64.Build.0 = Release|Any CPU
		{61A7E599-229A-498F-969B-10A37AD367D6}.Release|x86.ActiveCfg = Release|Any CPU
		{61A7E599-229A-498F-969B-10A37AD367D6}.Release|x86.Build.0 = Release|Any CPU
	EndGlobalSection
	GlobalSection(SolutionProperties) = preSolution
		HideSolutionNode = FALSE
	EndGlobalSection
	GlobalSection(NestedProjects) = preSolution
		{61A7E599-229A-498F-969B-10A37AD367D6} = {24BECA77-6D12-4F80-9620-892E84C0D129}
	EndGlobalSection
	GlobalSection(ExtensibilityGlobals) = postSolution
		SolutionGuid = {44DCA34E-2150-44A1-8C50-16ECC8F0217F}
	EndGlobalSection
EndGlobal
